
Microsoft Visual Studio Solution File, Format Version 12.00
# Visual Studio Version 17
VisualStudioVersion = 17.3.32929.385
MinimumVisualStudioVersion = 10.0.40219.1
Project("{FAE04EC0-301F-11D3-BF4B-00C04F79EFBC}") = "CQRS", "CQRS\CQRS.csproj", "{4A9C05B6-BD11-48D8-800A-3C0000E4EF8E}"
EndProject
Global
	GlobalSection(SolutionConfigurationPlatforms) = preSolution
		Debug|Any CPU = Debug|Any CPU
		Release|Any CPU = Release|Any CPU
	EndGlobalSection
	GlobalSection(ProjectConfigurationPlatforms) = postSolution
		{4A9C05B6-BD11-48D8-800A-3C0000E4EF8E}.Debug|Any CPU.ActiveCfg = Debug|Any CPU
		{4A9C05B6-BD11-48D8-800A-3C0000E4EF8E}.Debug|Any CPU.Build.0 = Debug|Any CPU
		{4A9C05B6-BD11-48D8-800A-3C0000E4EF8E}.Release|Any CPU.ActiveCfg = Release|Any CPU
		{4A9C05B6-BD11-48D8-800A-3C0000E4EF8E}.Release|Any CPU.Build.0 = Release|Any CPU
	EndGlobalSection
	GlobalSection(SolutionProperties) = preSolution
		HideSolutionNode = FALSE
	EndGlobalSection
	GlobalSection(ExtensibilityGlobals) = postSolution
		SolutionGuid = {0C310EE8-3908-4FC1-B48E-197D9D4B3F96}
	EndGlobalSection
EndGlobal
